
Microsoft Visual Studio Solution File, Format Version 12.00
# Visual Studio Version 16
VisualStudioVersion = 25.0.1706.5
MinimumVisualStudioVersion = 10.0.40219.1
Project("{FAE04EC0-301F-11D3-BF4B-00C04F79EFBC}") = "DevCertMvc.Web", "DevCertMvc.Web\DevCertMvc.Web.csproj", "{9BB9709D-2E31-45FE-A88E-073AAB22ADC7}"
EndProject
Global
	GlobalSection(SolutionConfigurationPlatforms) = preSolution
		Debug|Any CPU = Debug|Any CPU
		Release|Any CPU = Release|Any CPU
	EndGlobalSection
	GlobalSection(ProjectConfigurationPlatforms) = postSolution
		{9BB9709D-2E31-45FE-A88E-073AAB22ADC7}.Debug|Any CPU.ActiveCfg = Debug|Any CPU
		{9BB9709D-2E31-45FE-A88E-073AAB22ADC7}.Debug|Any CPU.Build.0 = Debug|Any CPU
		{9BB9709D-2E31-45FE-A88E-073AAB22ADC7}.Release|Any CPU.ActiveCfg = Release|Any CPU
		{9BB9709D-2E31-45FE-A88E-073AAB22ADC7}.Release|Any CPU.Build.0 = Release|Any CPU
	EndGlobalSection
	GlobalSection(SolutionProperties) = preSolution
		HideSolutionNode = FALSE
	EndGlobalSection
	GlobalSection(ExtensibilityGlobals) = postSolution
		SolutionGuid = {6373B319-2435-4FDB-AB27-3BB529441E81}
	EndGlobalSection
EndGlobal
